
Microsoft Visual Studio Solution File, Format Version 12.00
# Visual Studio Version 17
VisualStudioVersion = 17.1.32319.34
MinimumVisualStudioVersion = 10.0.40219.1
Project("{9A19103F-16F7-4668-BE54-9A1E7A4F7556}") = "WebHash", "WebHash\WebHash.csproj", "{7F814659-347A-4DA8-AFAC-56B171929F83}"
EndProject
Global
	GlobalSection(SolutionConfigurationPlatforms) = preSolution
		Debug|Any CPU = Debug|Any CPU
		Release|Any CPU = Release|Any CPU
	EndGlobalSection
	GlobalSection(ProjectConfigurationPlatforms) = postSolution
		{7F814659-347A-4DA8-AFAC-56B171929F83}.Debug|Any CPU.ActiveCfg = Debug|Any CPU
		{7F814659-347A-4DA8-AFAC-56B171929F83}.Debug|Any CPU.Build.0 = Debug|Any CPU
		{7F814659-347A-4DA8-AFAC-56B171929F83}.Release|Any CPU.ActiveCfg = Release|Any CPU
		{7F814659-347A-4DA8-AFAC-56B171929F83}.Release|Any CPU.Build.0 = Release|Any CPU
	EndGlobalSection
	GlobalSection(SolutionProperties) = preSolution
		HideSolutionNode = FALSE
	EndGlobalSection
	GlobalSection(ExtensibilityGlobals) = postSolution
		SolutionGuid = {DC79AA2B-EE15-4485-B9DB-7D85C2A8B692}
	EndGlobalSection
EndGlobal
